// !$*UTF8*$!
{
	archiveVersion = 1;
	classes = {
	};
	objectVersion = 46;
	objects = {

/* Begin PBXBuildFile section */
		434CE6551AB5C4B40090EBB0 /* AppDelegate.swift in Sources */ = {isa = PBXBuildFile; fileRef = 434CE6541AB5C4B40090EBB0 /* AppDelegate.swift */; };
		434CE6571AB5C4B40090EBB0 /* ViewController.swift in Sources */ = {isa = PBXBuildFile; fileRef = 434CE6561AB5C4B40090EBB0 /* ViewController.swift */; };
		434CE65A1AB5C4B40090EBB0 /* Main.storyboard in Resources */ = {isa = PBXBuildFile; fileRef = 434CE6581AB5C4B40090EBB0 /* Main.storyboard */; };
		434CE65C1AB5C4B40090EBB0 /* Images.xcassets in Resources */ = {isa = PBXBuildFile; fileRef = 434CE65B1AB5C4B40090EBB0 /* Images.xcassets */; };
		434CE65F1AB5C4B40090EBB0 /* LaunchScreen.xib in Resources */ = {isa = PBXBuildFile; fileRef = 434CE65D1AB5C4B40090EBB0 /* LaunchScreen.xib */; };
		434CE66B1AB5C4B40090EBB0 /* Swift_iOS_WorkshopTests.swift in Sources */ = {isa = PBXBuildFile; fileRef = 434CE66A1AB5C4B40090EBB0 /* Swift_iOS_WorkshopTests.swift */; };
/* End PBXBuildFile section */

/* Begin PBXContainerItemProxy section */
		434CE6651AB5C4B40090EBB0 /* PBXContainerItemProxy */ = {
			isa = PBXContainerItemProxy;
			containerPortal = 434CE6471AB5C4B40090EBB0 /* Project object */;
			proxyType = 1;
			remoteGlobalIDString = 434CE64E1AB5C4B40090EBB0;
			remoteInfo = Swift_iOS_Workshop;
		};
/* End PBXContainerItemProxy section */

/* Begin PBXFileReference section */
		432CAC061AB61908001C7925 /* Exercise_2.playground */ = {isa = PBXFileReference; lastKnownFileType = file.playground; path = Exercise_2.playground; sourceTree = "<group>"; };
		432CAC071AB6275D001C7925 /* Exercise_1_Loesung.playground */ = {isa = PBXFileReference; lastKnownFileType = file.playground; path = Exercise_1_Loesung.playground; sourceTree = "<group>"; };
		432CAC081AB6275D001C7925 /* Exercise_2_Loesung.playground */ = {isa = PBXFileReference; lastKnownFileType = file.playground; path = Exercise_2_Loesung.playground; sourceTree = "<group>"; };
		434CE64F1AB5C4B40090EBB0 /* Swift_iOS_Workshop.app */ = {isa = PBXFileReference; explicitFileType = wrapper.application; includeInIndex = 0; path = Swift_iOS_Workshop.app; sourceTree = BUILT_PRODUCTS_DIR; };
		434CE6531AB5C4B40090EBB0 /* Info.plist */ = {isa = PBXFileReference; lastKnownFileType = text.plist.xml; path = Info.plist; sourceTree = "<group>"; };
		434CE6541AB5C4B40090EBB0 /* AppDelegate.swift */ = {isa = PBXFileReference; lastKnownFileType = sourcecode.swift; path = AppDelegate.swift; sourceTree = "<group>"; };
		434CE6561AB5C4B40090EBB0 /* ViewController.swift */ = {isa = PBXFileReference; lastKnownFileType = sourcecode.swift; path = ViewController.swift; sourceTree = "<group>"; };
		434CE6591AB5C4B40090EBB0 /* Base */ = {isa = PBXFileReference; lastKnownFileType = file.storyboard; name = Base; path = Base.lproj/Main.storyboard; sourceTree = "<group>"; };
		434CE65B1AB5C4B40090EBB0 /* Images.xcassets */ = {isa = PBXFileReference; lastKnownFileType = folder.assetcatalog; path = Images.xcassets; sourceTree = "<group>"; };
		434CE65E1AB5C4B40090EBB0 /* Base */ = {isa = PBXFileReference; lastKnownFileType = file.xib; name = Base; path = Base.lproj/LaunchScreen.xib; sourceTree = "<group>"; };
		434CE6641AB5C4B40090EBB0 /* Swift_iOS_WorkshopTests.xctest */ = {isa = PBXFileReference; explicitFileType = wrapper.cfbundle; includeInIndex = 0; path = Swift_iOS_WorkshopTests.xctest; sourceTree = BUILT_PRODUCTS_DIR; };
		434CE6691AB5C4B40090EBB0 /* Info.plist */ = {isa = PBXFileReference; lastKnownFileType = text.plist.xml; path = Info.plist; sourceTree = "<group>"; };
		434CE66A1AB5C4B40090EBB0 /* Swift_iOS_WorkshopTests.swift */ = {isa = PBXFileReference; lastKnownFileType = sourcecode.swift; path = Swift_iOS_WorkshopTests.swift; sourceTree = "<group>"; };
		434CE6751AB5C5150090EBB0 /* 01_Types_to_Optionals.playground */ = {isa = PBXFileReference; lastKnownFileType = file.playground; path = 01_Types_to_Optionals.playground; sourceTree = "<group>"; };
		434CE6761AB5D91F0090EBB0 /* 02_Control_Structure_to_Enum.playground */ = {isa = PBXFileReference; lastKnownFileType = file.playground; path = 02_Control_Structure_to_Enum.playground; sourceTree = "<group>"; };
		434CE6771AB5E11B0090EBB0 /* 03_Classes_Property_Protocol.playground */ = {isa = PBXFileReference; lastKnownFileType = file.playground; path = 03_Classes_Property_Protocol.playground; sourceTree = "<group>"; };
		434CE6781AB5EC7C0090EBB0 /* 04_Extension_Generics.playground */ = {isa = PBXFileReference; lastKnownFileType = file.playground; path = 04_Extension_Generics.playground; sourceTree = "<group>"; };
		434CE67A1AB5F5450090EBB0 /* Exercise_1.playground */ = {isa = PBXFileReference; lastKnownFileType = file.playground; path = Exercise_1.playground; sourceTree = "<group>"; };
/* End PBXFileReference section */

/* Begin PBXFrameworksBuildPhase section */
		434CE64C1AB5C4B40090EBB0 /* Frameworks */ = {
			isa = PBXFrameworksBuildPhase;
			buildActionMask = 2147483647;
			files = (
			);
			runOnlyForDeploymentPostprocessing = 0;
		};
		434CE6611AB5C4B40090EBB0 /* Frameworks */ = {
			isa = PBXFrameworksBuildPhase;
			buildActionMask = 2147483647;
			files = (
			);
			runOnlyForDeploymentPostprocessing = 0;
		};
/* End PBXFrameworksBuildPhase section */

/* Begin PBXGroup section */
		432CAC091AB62764001C7925 /* Loesungen */ = {
			isa = PBXGroup;
			children = (
				432CAC071AB6275D001C7925 /* Exercise_1_Loesung.playground */,
				432CAC081AB6275D001C7925 /* Exercise_2_Loesung.playground */,
			);
			name = Loesungen;
			sourceTree = "<group>";
		};
		434CE6461AB5C4B40090EBB0 = {
			isa = PBXGroup;
			children = (
				434CE6741AB5C4C20090EBB0 /* Playgrounds */,
				434CE6791AB5F5230090EBB0 /* Uebungen */,
				432CAC091AB62764001C7925 /* Loesungen */,
				434CE6511AB5C4B40090EBB0 /* Swift_iOS_Workshop */,
				434CE6671AB5C4B40090EBB0 /* Swift_iOS_WorkshopTests */,
				434CE6501AB5C4B40090EBB0 /* Products */,
			);
			sourceTree = "<group>";
		};
		434CE6501AB5C4B40090EBB0 /* Products */ = {
			isa = PBXGroup;
			children = (
				434CE64F1AB5C4B40090EBB0 /* Swift_iOS_Workshop.app */,
				434CE6641AB5C4B40090EBB0 /* Swift_iOS_WorkshopTests.xctest */,
			);
			name = Products;
			sourceTree = "<group>";
		};
		434CE6511AB5C4B40090EBB0 /* Swift_iOS_Workshop */ = {
			isa = PBXGroup;
			children = (
				434CE6541AB5C4B40090EBB0 /* AppDelegate.swift */,
				434CE6561AB5C4B40090EBB0 /* ViewController.swift */,
				434CE6581AB5C4B40090EBB0 /* Main.storyboard */,
				434CE65B1AB5C4B40090EBB0 /* Images.xcassets */,
				434CE65D1AB5C4B40090EBB0 /* LaunchScreen.xib */,
				434CE6521AB5C4B40090EBB0 /* Supporting Files */,
			);
			path = Swift_iOS_Workshop;
			sourceTree = "<group>";
		};
		434CE6521AB5C4B40090EBB0 /* Supporting Files */ = {
			isa = PBXGroup;
			children = (
				434CE6531AB5C4B40090EBB0 /* Info.plist */,
			);
			name = "Supporting Files";
			sourceTree = "<group>";
		};
		434CE6671AB5C4B40090EBB0 /* Swift_iOS_WorkshopTests */ = {
			isa = PBXGroup;
			children = (
				434CE66A1AB5C4B40090EBB0 /* Swift_iOS_WorkshopTests.swift */,
				434CE6681AB5C4B40090EBB0 /* Supporting Files */,
			);
			path = Swift_iOS_WorkshopTests;
			sourceTree = "<group>";
		};
		434CE6681AB5C4B40090EBB0 /* Supporting Files */ = {
			isa = PBXGroup;
			children = (
				434CE6691AB5C4B40090EBB0 /* Info.plist */,
			);
			name = "Supporting Files";
			sourceTree = "<group>";
		};
		434CE6741AB5C4C20090EBB0 /* Playgrounds */ = {
			isa = PBXGroup;
			children = (
				434CE6751AB5C5150090EBB0 /* 01_Types_to_Optionals.playground */,
				434CE6761AB5D91F0090EBB0 /* 02_Control_Structure_to_Enum.playground */,
				434CE6771AB5E11B0090EBB0 /* 03_Classes_Property_Protocol.playground */,
				434CE6781AB5EC7C0090EBB0 /* 04_Extension_Generics.playground */,
			);
			name = Playgrounds;
			sourceTree = "<group>";
		};
		434CE6791AB5F5230090EBB0 /* Uebungen */ = {
			isa = PBXGroup;
			children = (
				434CE67A1AB5F5450090EBB0 /* Exercise_1.playground */,
				432CAC061AB61908001C7925 /* Exercise_2.playground */,
			);
			name = Uebungen;
			sourceTree = "<group>";
		};
/* End PBXGroup section */

/* Begin PBXNativeTarget section */
		434CE64E1AB5C4B40090EBB0 /* Swift_iOS_Workshop */ = {
			isa = PBXNativeTarget;
			buildConfigurationList = 434CE66E1AB5C4B40090EBB0 /* Build configuration list for PBXNativeTarget "Swift_iOS_Workshop" */;
			buildPhases = (
				434CE64B1AB5C4B40090EBB0 /* Sources */,
				434CE64C1AB5C4B40090EBB0 /* Frameworks */,
				434CE64D1AB5C4B40090EBB0 /* Resources */,
			);
			buildRules = (
			);
			dependencies = (
			);
			name = Swift_iOS_Workshop;
			productName = Swift_iOS_Workshop;
			productReference = 434CE64F1AB5C4B40090EBB0 /* Swift_iOS_Workshop.app */;
			productType = "com.apple.product-type.application";
		};
		434CE6631AB5C4B40090EBB0 /* Swift_iOS_WorkshopTests */ = {
			isa = PBXNativeTarget;
			buildConfigurationList = 434CE6711AB5C4B40090EBB0 /* Build configuration list for PBXNativeTarget "Swift_iOS_WorkshopTests" */;
			buildPhases = (
				434CE6601AB5C4B40090EBB0 /* Sources */,
				434CE6611AB5C4B40090EBB0 /* Frameworks */,
				434CE6621AB5C4B40090EBB0 /* Resources */,
			);
			buildRules = (
			);
			dependencies = (
				434CE6661AB5C4B40090EBB0 /* PBXTargetDependency */,
			);
			name = Swift_iOS_WorkshopTests;
			productName = Swift_iOS_WorkshopTests;
			productReference = 434CE6641AB5C4B40090EBB0 /* Swift_iOS_WorkshopTests.xctest */;
			productType = "com.apple.product-type.bundle.unit-test";
		};
/* End PBXNativeTarget section */

/* Begin PBXProject section */
		434CE6471AB5C4B40090EBB0 /* Project object */ = {
			isa = PBXProject;
			attributes = {
				LastUpgradeCheck = 0620;
				ORGANIZATIONNAME = extrabright;
				TargetAttributes = {
					434CE64E1AB5C4B40090EBB0 = {
						CreatedOnToolsVersion = 6.2;
					};
					434CE6631AB5C4B40090EBB0 = {
						CreatedOnToolsVersion = 6.2;
						TestTargetID = 434CE64E1AB5C4B40090EBB0;
					};
				};
			};
			buildConfigurationList = 434CE64A1AB5C4B40090EBB0 /* Build configuration list for PBXProject "Swift_iOS_Workshop" */;
			compatibilityVersion = "Xcode 3.2";
			developmentRegion = English;
			hasScannedForEncodings = 0;
			knownRegions = (
				en,
				Base,
			);
			mainGroup = 434CE6461AB5C4B40090EBB0;
			productRefGroup = 434CE6501AB5C4B40090EBB0 /* Products */;
			projectDirPath = "";
			projectRoot = "";
			targets = (
				434CE64E1AB5C4B40090EBB0 /* Swift_iOS_Workshop */,
				434CE6631AB5C4B40090EBB0 /* Swift_iOS_WorkshopTests */,
			);
		};
/* End PBXProject section */

/* Begin PBXResourcesBuildPhase section */
		434CE64D1AB5C4B40090EBB0 /* Resources */ = {
			isa = PBXResourcesBuildPhase;
			buildActionMask = 2147483647;
			files = (
				434CE65A1AB5C4B40090EBB0 /* Main.storyboard in Resources */,
				434CE65F1AB5C4B40090EBB0 /* LaunchScreen.xib in Resources */,
				434CE65C1AB5C4B40090EBB0 /* Images.xcassets in Resources */,
			);
			runOnlyForDeploymentPostprocessing = 0;
		};
		434CE6621AB5C4B40090EBB0 /* Resources */ = {
			isa = PBXResourcesBuildPhase;
			buildActionMask = 2147483647;
			files = (
			);
			runOnlyForDeploymentPostprocessing = 0;
		};
/* End PBXResourcesBuildPhase section */

/* Begin PBXSourcesBuildPhase section */
		434CE64B1AB5C4B40090EBB0 /* Sources */ = {
			isa = PBXSourcesBuildPhase;
			buildActionMask = 2147483647;
			files = (
				434CE6571AB5C4B40090EBB0 /* ViewController.swift in Sources */,
				434CE6551AB5C4B40090EBB0 /* AppDelegate.swift in Sources */,
			);
			runOnlyForDeploymentPostprocessing = 0;
		};
		434CE6601AB5C4B40090EBB0 /* Sources */ = {
			isa = PBXSourcesBuildPhase;
			buildActionMask = 2147483647;
			files = (
				434CE66B1AB5C4B40090EBB0 /* Swift_iOS_WorkshopTests.swift in Sources */,
			);
			runOnlyForDeploymentPostprocessing = 0;
		};
/* End PBXSourcesBuildPhase section */

/* Begin PBXTargetDependency section */
		434CE6661AB5C4B40090EBB0 /* PBXTargetDependency */ = {
			isa = PBXTargetDependency;
			target = 434CE64E1AB5C4B40090EBB0 /* Swift_iOS_Workshop */;
			targetProxy = 434CE6651AB5C4B40090EBB0 /* PBXContainerItemProxy */;
		};
/* End PBXTargetDependency section */

/* Begin PBXVariantGroup section */
		434CE6581AB5C4B40090EBB0 /* Main.storyboard */ = {
			isa = PBXVariantGroup;
			children = (
				434CE6591AB5C4B40090EBB0 /* Base */,
			);
			name = Main.storyboard;
			sourceTree = "<group>";
		};
		434CE65D1AB5C4B40090EBB0 /* LaunchScreen.xib */ = {
			isa = PBXVariantGroup;
			children = (
				434CE65E1AB5C4B40090EBB0 /* Base */,
			);
			name = LaunchScreen.xib;
			sourceTree = "<group>";
		};
/* End PBXVariantGroup section */

/* Begin XCBuildConfiguration section */
		434CE66C1AB5C4B40090EBB0 /* Debug */ = {
			isa = XCBuildConfiguration;
			buildSettings = {
				ALWAYS_SEARCH_USER_PATHS = NO;
				CLANG_CXX_LANGUAGE_STANDARD = "gnu++0x";
				CLANG_CXX_LIBRARY = "libc++";
				CLANG_ENABLE_MODULES = YES;
				CLANG_ENABLE_OBJC_ARC = YES;
				CLANG_WARN_BOOL_CONVERSION = YES;
				CLANG_WARN_CONSTANT_CONVERSION = YES;
				CLANG_WARN_DIRECT_OBJC_ISA_USAGE = YES_ERROR;
				CLANG_WARN_EMPTY_BODY = YES;
				CLANG_WARN_ENUM_CONVERSION = YES;
				CLANG_WARN_INT_CONVERSION = YES;
				CLANG_WARN_OBJC_ROOT_CLASS = YES_ERROR;
				CLANG_WARN_UNREACHABLE_CODE = YES;
				CLANG_WARN__DUPLICATE_METHOD_MATCH = YES;
				"CODE_SIGN_IDENTITY[sdk=iphoneos*]" = "iPhone Developer";
				COPY_PHASE_STRIP = NO;
				ENABLE_STRICT_OBJC_MSGSEND = YES;
				GCC_C_LANGUAGE_STANDARD = gnu99;
				GCC_DYNAMIC_NO_PIC = NO;
				GCC_OPTIMIZATION_LEVEL = 0;
				GCC_PREPROCESSOR_DEFINITIONS = (
					"DEBUG=1",
					"$(inherited)",
				);
				GCC_SYMBOLS_PRIVATE_EXTERN = NO;
				GCC_WARN_64_TO_32_BIT_CONVERSION = YES;
				GCC_WARN_ABOUT_RETURN_TYPE = YES_ERROR;
				GCC_WARN_UNDECLARED_SELECTOR = YES;
				GCC_WARN_UNINITIALIZED_AUTOS = YES_AGGRESSIVE;
				GCC_WARN_UNUSED_FUNCTION = YES;
				GCC_WARN_UNUSED_VARIABLE = YES;
				IPHONEOS_DEPLOYMENT_TARGET = 8.2;
				MTL_ENABLE_DEBUG_INFO = YES;
				ONLY_ACTIVE_ARCH = YES;
				SDKROOT = iphoneos;
				SWIFT_OPTIMIZATION_LEVEL = "-Onone";
			};
			name = Debug;
		};
		434CE66D1AB5C4B40090EBB0 /* Release */ = {
			isa = XCBuildConfiguration;
			buildSettings = {
				ALWAYS_SEARCH_USER_PATHS = NO;
				CLANG_CXX_LANGUAGE_STANDARD = "gnu++0x";
				CLANG_CXX_LIBRARY = "libc++";
				CLANG_ENABLE_MODULES = YES;
				CLANG_ENABLE_OBJC_ARC = YES;
				CLANG_WARN_BOOL_CONVERSION = YES;
				CLANG_WARN_CONSTANT_CONVERSION = YES;
				CLANG_WARN_DIRECT_OBJC_ISA_USAGE = YES_ERROR;
				CLANG_WARN_EMPTY_BODY = YES;
				CLANG_WARN_ENUM_CONVERSION = YES;
				CLANG_WARN_INT_CONVERSION = YES;
				CLANG_WARN_OBJC_ROOT_CLASS = YES_ERROR;
				CLANG_WARN_UNREACHABLE_CODE = YES;
				CLANG_WARN__DUPLICATE_METHOD_MATCH = YES;
				"CODE_SIGN_IDENTITY[sdk=iphoneos*]" = "iPhone Developer";
				COPY_PHASE_STRIP = NO;
				ENABLE_NS_ASSERTIONS = NO;
				ENABLE_STRICT_OBJC_MSGSEND = YES;
				GCC_C_LANGUAGE_STANDARD = gnu99;
				GCC_WARN_64_TO_32_BIT_CONVERSION = YES;
				GCC_WARN_ABOUT_RETURN_TYPE = YES_ERROR;
				GCC_WARN_UNDECLARED_SELECTOR = YES;
				GCC_WARN_UNINITIALIZED_AUTOS = YES_AGGRESSIVE;
				GCC_WARN_UNUSED_FUNCTION = YES;
				GCC_WARN_UNUSED_VARIABLE = YES;
				IPHONEOS_DEPLOYMENT_TARGET = 8.2;
				MTL_ENABLE_DEBUG_INFO = NO;
				SDKROOT = iphoneos;
				VALIDATE_PRODUCT = YES;
			};
			name = Release;
		};
		434CE66F1AB5C4B40090EBB0 /* Debug */ = {
			isa = XCBuildConfiguration;
			buildSettings = {
				ASSETCATALOG_COMPILER_APPICON_NAME = AppIcon;
				INFOPLIST_FILE = Swift_iOS_Workshop/Info.plist;
				LD_RUNPATH_SEARCH_PATHS = "$(inherited) @executable_path/Frameworks";
				PRODUCT_NAME = "$(TARGET_NAME)";
			};
			name = Debug;
		};
		434CE6701AB5C4B40090EBB0 /* Release */ = {
			isa = XCBuildConfiguration;
			buildSettings = {
				ASSETCATALOG_COMPILER_APPICON_NAME = AppIcon;
				INFOPLIST_FILE = Swift_iOS_Workshop/Info.plist;
				LD_RUNPATH_SEARCH_PATHS = "$(inherited) @executable_path/Frameworks";
				PRODUCT_NAME = "$(TARGET_NAME)";
			};
			name = Release;
		};
		434CE6721AB5C4B40090EBB0 /* Debug */ = {
			isa = XCBuildConfiguration;
			buildSettings = {
				BUNDLE_LOADER = "$(TEST_HOST)";
				FRAMEWORK_SEARCH_PATHS = (
					"$(SDKROOT)/Developer/Library/Frameworks",
					"$(inherited)",
				);
				GCC_PREPROCESSOR_DEFINITIONS = (
					"DEBUG=1",
					"$(inherited)",
				);
				INFOPLIST_FILE = Swift_iOS_WorkshopTests/Info.plist;
				LD_RUNPATH_SEARCH_PATHS = "$(inherited) @executable_path/Frameworks @loader_path/Frameworks";
				PRODUCT_NAME = "$(TARGET_NAME)";
				TEST_HOST = "$(BUILT_PRODUCTS_DIR)/Swift_iOS_Workshop.app/Swift_iOS_Workshop";
			};
			name = Debug;
		};
		434CE6731AB5C4B40090EBB0 /* Release */ = {
			isa = XCBuildConfiguration;
			buildSettings = {
				BUNDLE_LOADER = "$(TEST_HOST)";
				FRAMEWORK_SEARCH_PATHS = (
					"$(SDKROOT)/Developer/Library/Frameworks",
					"$(inherited)",
				);
				INFOPLIST_FILE = Swift_iOS_WorkshopTests/Info.plist;
				LD_RUNPATH_SEARCH_PATHS = "$(inherited) @executable_path/Frameworks @loader_path/Frameworks";
				PRODUCT_NAME = "$(TARGET_NAME)";
				TEST_HOST = "$(BUILT_PRODUCTS_DIR)/Swift_iOS_Workshop.app/Swift_iOS_Workshop";
			};
			name = Release;
		};
/* End XCBuildConfiguration section */

/* Begin XCConfigurationList section */
		434CE64A1AB5C4B40090EBB0 /* Build configuration list for PBXProject "Swift_iOS_Workshop" */ = {
			isa = XCConfigurationList;
			buildConfigurations = (
				434CE66C1AB5C4B40090EBB0 /* Debug */,
				434CE66D1AB5C4B40090EBB0 /* Release */,
			);
			defaultConfigurationIsVisible = 0;
			defaultConfigurationName = Release;
		};
		434CE66E1AB5C4B40090EBB0 /* Build configuration list for PBXNativeTarget "Swift_iOS_Workshop" */ = {
			isa = XCConfigurationList;
			buildConfigurations = (
				434CE66F1AB5C4B40090EBB0 /* Debug */,
				434CE6701AB5C4B40090EBB0 /* Release */,
			);
			defaultConfigurationIsVisible = 0;
			defaultConfigurationName = Release;
		};
		434CE6711AB5C4B40090EBB0 /* Build configuration list for PBXNativeTarget "Swift_iOS_WorkshopTests" */ = {
			isa = XCConfigurationList;
			buildConfigurations = (
				434CE6721AB5C4B40090EBB0 /* Debug */,
				434CE6731AB5C4B40090EBB0 /* Release */,
			);
			defaultConfigurationIsVisible = 0;
			defaultConfigurationName = Release;
		};
/* End XCConfigurationList section */
	};
	rootObject = 434CE6471AB5C4B40090EBB0 /* Project object */;
}
